
Microsoft Visual Studio Solution File, Format Version 12.00
# Visual Studio Version 17
VisualStudioVersion = 17.0.31903.59
MinimumVisualStudioVersion = 10.0.40219.1
Project("{8BC9CEB8-8B4A-11D0-8D11-00A0C91BC942}") = "7", "7\7.vcxproj", "{EE73A853-6E10-4BA7-838F-62667EA58C4C}"
EndProject
Global
	GlobalSection(SolutionConfigurationPlatforms) = preSolution
		Debug|x64 = Debug|x64
		Debug|x86 = Debug|x86
		Release|x64 = Release|x64
		Release|x86 = Release|x86
	EndGlobalSection
	GlobalSection(ProjectConfigurationPlatforms) = postSolution
		{EE73A853-6E10-4BA7-838F-62667EA58C4C}.Debug|x64.ActiveCfg = Debug|x64
		{EE73A853-6E10-4BA7-838F-62667EA58C4C}.Debug|x64.Build.0 = Debug|x64
		{EE73A853-6E10-4BA7-838F-62667EA58C4C}.Debug|x86.ActiveCfg = Debug|Win32
		{EE73A853-6E10-4BA7-838F-62667EA58C4C}.Debug|x86.Build.0 = Debug|Win32
		{EE73A853-6E10-4BA7-838F-62667EA58C4C}.Release|x64.ActiveCfg = Release|x64
		{EE73A853-6E10-4BA7-838F-62667EA58C4C}.Release|x64.Build.0 = Release|x64
		{EE73A853-6E10-4BA7-838F-62667EA58C4C}.Release|x86.ActiveCfg = Release|Win32
		{EE73A853-6E10-4BA7-838F-62667EA58C4C}.Release|x86.Build.0 = Release|Win32
	EndGlobalSection
	GlobalSection(SolutionProperties) = preSolution
		HideSolutionNode = FALSE
	EndGlobalSection
	GlobalSection(ExtensibilityGlobals) = postSolution
		SolutionGuid = {592CDC3F-EE9A-4DFA-A6AB-C2B5EC722C0C}
	EndGlobalSection
EndGlobal
